
{
  "name": "trading-frontend",
  "lockfileVersion": 1,
  "requires": true,
  "dependencies": {
    "react": {
      "version": "17.0.2",
      "resolved": "https://registry.npmjs.org/react/-/react-17.0.2.tgz",
      "integrity": "sha512-f/7+vxo2PxyQ0hyXDtOZyKZzYmKiTr3CpoOjPKdXr6hEdhq+0SuEx5Jj2hT5nW9NWTKa0KpFG7qfBqDl6bOoxA=="
    },
    "react-dom": {
      "version": "17.0.2",
      "resolved": "https://registry.npmjs.org/react-dom/-/react-dom-17.0.2.tgz",
      "integrity": "sha512-kpGr3ZTwGtMmL6t1WFRUOsCgE9RkUGywn3chLRLf1KMi5A5lXvfRRJXRE4vngS/EtkwiJnig0LUu8w5LPe2L4g=="
    },
    "react-router-dom": {
      "version": "5.2.0",
      "resolved": "https://registry.npmjs.org/react-router-dom/-/react-router-dom-5.2.0.tgz",
      "integrity": "sha512-94T9l2MyZHJBo0zNOUBBYyypz8FAAi1+eT7XBcmIuILyP0GpRfOEOscClFN30Vhd9yGhNfM4H47tNTv0pdkRyg=="
    }
  }
}
